
Microsoft Visual Studio Solution File, Format Version 12.00
# Visual Studio Version 16
VisualStudioVersion = 16.0.34114.132
MinimumVisualStudioVersion = 10.0.40219.1
Project("{FAE04EC0-301F-11D3-BF4B-00C04F79EFBC}") = "Send_SMS_ByTwilio", "Send_SMS_ByTwilio.csproj", "{BADC1C51-D35D-4558-833B-8875B02205CF}"
EndProject
Global
	GlobalSection(SolutionConfigurationPlatforms) = preSolution
		Debug|Any CPU = Debug|Any CPU
		Release|Any CPU = Release|Any CPU
	EndGlobalSection
	GlobalSection(ProjectConfigurationPlatforms) = postSolution
		{BADC1C51-D35D-4558-833B-8875B02205CF}.Debug|Any CPU.ActiveCfg = Debug|Any CPU
		{BADC1C51-D35D-4558-833B-8875B02205CF}.Debug|Any CPU.Build.0 = Debug|Any CPU
		{BADC1C51-D35D-4558-833B-8875B02205CF}.Release|Any CPU.ActiveCfg = Release|Any CPU
		{BADC1C51-D35D-4558-833B-8875B02205CF}.Release|Any CPU.Build.0 = Release|Any CPU
	EndGlobalSection
	GlobalSection(SolutionProperties) = preSolution
		HideSolutionNode = FALSE
	EndGlobalSection
	GlobalSection(ExtensibilityGlobals) = postSolution
		SolutionGuid = {40E3C4ED-DBF4-4607-A64A-1BB2856C384F}
	EndGlobalSection
EndGlobal
